
Microsoft Visual Studio Solution File, Format Version 11.00
# Visual Studio 2010
Project("{FAE04EC0-301F-11D3-BF4B-00C04F79EFBC}") = "Unity.XR.Interaction.Toolkit.Samples.StarterAssets", "Unity.XR.Interaction.Toolkit.Samples.StarterAssets.csproj", "{f803e23c-97c3-843b-deb0-38fe44629910}"
EndProject
Project("{FAE04EC0-301F-11D3-BF4B-00C04F79EFBC}") = "Assembly-CSharp", "Assembly-CSharp.csproj", "{2106585b-b409-cb68-b5f4-5b9dd210a60f}"
EndProject
Global
	GlobalSection(SolutionConfigurationPlatforms) = preSolution
		Debug|Any CPU = Debug|Any CPU
		Release|Any CPU = Release|Any CPU
	EndGlobalSection
	GlobalSection(ProjectConfigurationPlatforms) = postSolution
		{f803e23c-97c3-843b-deb0-38fe44629910}.Debug|Any CPU.ActiveCfg = Debug|Any CPU
		{f803e23c-97c3-843b-deb0-38fe44629910}.Debug|Any CPU.Build.0 = Debug|Any CPU
		{f803e23c-97c3-843b-deb0-38fe44629910}.Release|Any CPU.ActiveCfg = Release|Any CPU
		{f803e23c-97c3-843b-deb0-38fe44629910}.Release|Any CPU.Build.0 = Release|Any CPU
		{2106585b-b409-cb68-b5f4-5b9dd210a60f}.Debug|Any CPU.ActiveCfg = Debug|Any CPU
		{2106585b-b409-cb68-b5f4-5b9dd210a60f}.Debug|Any CPU.Build.0 = Debug|Any CPU
		{2106585b-b409-cb68-b5f4-5b9dd210a60f}.Release|Any CPU.ActiveCfg = Release|Any CPU
		{2106585b-b409-cb68-b5f4-5b9dd210a60f}.Release|Any CPU.Build.0 = Release|Any CPU
	EndGlobalSection
	GlobalSection(SolutionProperties) = preSolution
		HideSolutionNode = FALSE
	EndGlobalSection
EndGlobal
